
Microsoft Visual Studio Solution File, Format Version 12.00
# Visual Studio Version 17
VisualStudioVersion = 17.14.36310.24
MinimumVisualStudioVersion = 10.0.40219.1
Project("{2150E333-8FDC-42A3-9474-1A3956D46DE8}") = "src", "src", "{827E0CD3-B72D-47B6-A68D-7590B98EB39B}"
EndProject
Project("{FAE04EC0-301F-11D3-BF4B-00C04F79EFBC}") = "EventFlow.Api", "src\EventFlow.Api\EventFlow.Api.csproj", "{FCAA04D2-FFB3-4A0C-923B-1048B0261F32}"
EndProject
Project("{FAE04EC0-301F-11D3-BF4B-00C04F79EFBC}") = "EventFlow.Application", "src\EventFlow.Application\EventFlow.Application.csproj", "{6B64689C-262C-4E2D-BA80-9C2D286E393F}"
EndProject
Project("{FAE04EC0-301F-11D3-BF4B-00C04F79EFBC}") = "EventFlow.Domain", "src\EventFlow.Domain\EventFlow.Domain.csproj", "{C3F64B77-D2EA-428D-9D30-8DE3BE0530FB}"
EndProject
Project("{FAE04EC0-301F-11D3-BF4B-00C04F79EFBC}") = "EventFlow.Infrastructure", "src\EventFlow.Infrastructure\EventFlow.Infrastructure.csproj", "{69040D15-E3B6-4828-8031-0359031C4D8B}"
EndProject
Global
	GlobalSection(SolutionConfigurationPlatforms) = preSolution
		Debug|Any CPU = Debug|Any CPU
		Debug|x64 = Debug|x64
		Debug|x86 = Debug|x86
		Release|Any CPU = Release|Any CPU
		Release|x64 = Release|x64
		Release|x86 = Release|x86
	EndGlobalSection
	GlobalSection(ProjectConfigurationPlatforms) = postSolution
		{FCAA04D2-FFB3-4A0C-923B-1048B0261F32}.Debug|Any CPU.ActiveCfg = Debug|Any CPU
		{FCAA04D2-FFB3-4A0C-923B-1048B0261F32}.Debug|Any CPU.Build.0 = Debug|Any CPU
		{FCAA04D2-FFB3-4A0C-923B-1048B0261F32}.Debug|x64.ActiveCfg = Debug|Any CPU
		{FCAA04D2-FFB3-4A0C-923B-1048B0261F32}.Debug|x64.Build.0 = Debug|Any CPU
		{FCAA04D2-FFB3-4A0C-923B-1048B0261F32}.Debug|x86.ActiveCfg = Debug|Any CPU
		{FCAA04D2-FFB3-4A0C-923B-1048B0261F32}.Debug|x86.Build.0 = Debug|Any CPU
		{FCAA04D2-FFB3-4A0C-923B-1048B0261F32}.Release|Any CPU.ActiveCfg = Release|Any CPU
		{FCAA04D2-FFB3-4A0C-923B-1048B0261F32}.Release|Any CPU.Build.0 = Release|Any CPU
		{FCAA04D2-FFB3-4A0C-923B-1048B0261F32}.Release|x64.ActiveCfg = Release|Any CPU
		{FCAA04D2-FFB3-4A0C-923B-1048B0261F32}.Release|x64.Build.0 = Release|Any CPU
		{FCAA04D2-FFB3-4A0C-923B-1048B0261F32}.Release|x86.ActiveCfg = Release|Any CPU
		{FCAA04D2-FFB3-4A0C-923B-1048B0261F32}.Release|x86.Build.0 = Release|Any CPU
		{6B64689C-262C-4E2D-BA80-9C2D286E393F}.Debug|Any CPU.ActiveCfg = Debug|Any CPU
		{6B64689C-262C-4E2D-BA80-9C2D286E393F}.Debug|Any CPU.Build.0 = Debug|Any CPU
		{6B64689C-262C-4E2D-BA80-9C2D286E393F}.Debug|x64.ActiveCfg = Debug|Any CPU
		{6B64689C-262C-4E2D-BA80-9C2D286E393F}.Debug|x64.Build.0 = Debug|Any CPU
		{6B64689C-262C-4E2D-BA80-9C2D286E393F}.Debug|x86.ActiveCfg = Debug|Any CPU
		{6B64689C-262C-4E2D-BA80-9C2D286E393F}.Debug|x86.Build.0 = Debug|Any CPU
		{6B64689C-262C-4E2D-BA80-9C2D286E393F}.Release|Any CPU.ActiveCfg = Release|Any CPU
		{6B64689C-262C-4E2D-BA80-9C2D286E393F}.Release|Any CPU.Build.0 = Release|Any CPU
		{6B64689C-262C-4E2D-BA80-9C2D286E393F}.Release|x64.ActiveCfg = Release|Any CPU
		{6B64689C-262C-4E2D-BA80-9C2D286E393F}.Release|x64.Build.0 = Release|Any CPU
		{6B64689C-262C-4E2D-BA80-9C2D286E393F}.Release|x86.ActiveCfg = Release|Any CPU
		{6B64689C-262C-4E2D-BA80-9C2D286E393F}.Release|x86.Build.0 = Release|Any CPU
		{C3F64B77-D2EA-428D-9D30-8DE3BE0530FB}.Debug|Any CPU.ActiveCfg = Debug|Any CPU
		{C3F64B77-D2EA-428D-9D30-8DE3BE0530FB}.Debug|Any CPU.Build.0 = Debug|Any CPU
		{C3F64B77-D2EA-428D-9D30-8DE3BE0530FB}.Debug|x64.ActiveCfg = Debug|Any CPU
		{C3F64B77-D2EA-428D-9D30-8DE3BE0530FB}.Debug|x64.Build.0 = Debug|Any CPU
		{C3F64B77-D2EA-428D-9D30-8DE3BE0530FB}.Debug|x86.ActiveCfg = Debug|Any CPU
		{C3F64B77-D2EA-428D-9D30-8DE3BE0530FB}.Debug|x86.Build.0 = Debug|Any CPU
		{C3F64B77-D2EA-428D-9D30-8DE3BE0530FB}.Release|Any CPU.ActiveCfg = Release|Any CPU
		{C3F64B77-D2EA-428D-9D30-8DE3BE0530FB}.Release|Any CPU.Build.0 = Release|Any CPU
		{C3F64B77-D2EA-428D-9D30-8DE3BE0530FB}.Release|x64.ActiveCfg = Release|Any CPU
		{C3F64B77-D2EA-428D-9D30-8DE3BE0530FB}.Release|x64.Build.0 = Release|Any CPU
		{C3F64B77-D2EA-428D-9D30-8DE3BE0530FB}.Release|x86.ActiveCfg = Release|Any CPU
		{C3F64B77-D2EA-428D-9D30-8DE3BE0530FB}.Release|x86.Build.0 = Release|Any CPU
		{69040D15-E3B6-4828-8031-0359031C4D8B}.Debug|Any CPU.ActiveCfg = Debug|Any CPU
		{69040D15-E3B6-4828-8031-0359031C4D8B}.Debug|Any CPU.Build.0 = Debug|Any CPU
		{69040D15-E3B6-4828-8031-0359031C4D8B}.Debug|x64.ActiveCfg = Debug|Any CPU
		{69040D15-E3B6-4828-8031-0359031C4D8B}.Debug|x64.Build.0 = Debug|Any CPU
		{69040D15-E3B6-4828-8031-0359031C4D8B}.Debug|x86.ActiveCfg = Debug|Any CPU
		{69040D15-E3B6-4828-8031-0359031C4D8B}.Debug|x86.Build.0 = Debug|Any CPU
		{69040D15-E3B6-4828-8031-0359031C4D8B}.Release|Any CPU.ActiveCfg = Release|Any CPU
		{69040D15-E3B6-4828-8031-0359031C4D8B}.Release|Any CPU.Build.0 = Release|Any CPU
		{69040D15-E3B6-4828-8031-0359031C4D8B}.Release|x64.ActiveCfg = Release|Any CPU
		{69040D15-E3B6-4828-8031-0359031C4D8B}.Release|x64.Build.0 = Release|Any CPU
		{69040D15-E3B6-4828-8031-0359031C4D8B}.Release|x86.ActiveCfg = Release|Any CPU
		{69040D15-E3B6-4828-8031-0359031C4D8B}.Release|x86.Build.0 = Release|Any CPU
	EndGlobalSection
	GlobalSection(SolutionProperties) = preSolution
		HideSolutionNode = FALSE
	EndGlobalSection
	GlobalSection(NestedProjects) = preSolution
		{FCAA04D2-FFB3-4A0C-923B-1048B0261F32} = {827E0CD3-B72D-47B6-A68D-7590B98EB39B}
		{6B64689C-262C-4E2D-BA80-9C2D286E393F} = {827E0CD3-B72D-47B6-A68D-7590B98EB39B}
		{C3F64B77-D2EA-428D-9D30-8DE3BE0530FB} = {827E0CD3-B72D-47B6-A68D-7590B98EB39B}
		{69040D15-E3B6-4828-8031-0359031C4D8B} = {827E0CD3-B72D-47B6-A68D-7590B98EB39B}
	EndGlobalSection
	GlobalSection(ExtensibilityGlobals) = postSolution
		SolutionGuid = {8FE44B49-7B01-4EE7-B81E-08441215956B}
	EndGlobalSection
EndGlobal
